
Microsoft Visual Studio Solution File, Format Version 12.00
# Visual Studio 15
VisualStudioVersion = 15.0.28010.2041
MinimumVisualStudioVersion = 10.0.40219.1
Project("{9A19103F-16F7-4668-BE54-9A1E7A4F7556}") = "VueDemo", "VueDemo.csproj", "{88A86BA7-C7A4-41BD-805B-62ACB0B60EB2}"
EndProject
Global
	GlobalSection(SolutionConfigurationPlatforms) = preSolution
		Debug|Any CPU = Debug|Any CPU
		Release|Any CPU = Release|Any CPU
	EndGlobalSection
	GlobalSection(ProjectConfigurationPlatforms) = postSolution
		{88A86BA7-C7A4-41BD-805B-62ACB0B60EB2}.Debug|Any CPU.ActiveCfg = Debug|Any CPU
		{88A86BA7-C7A4-41BD-805B-62ACB0B60EB2}.Debug|Any CPU.Build.0 = Debug|Any CPU
		{88A86BA7-C7A4-41BD-805B-62ACB0B60EB2}.Release|Any CPU.ActiveCfg = Release|Any CPU
		{88A86BA7-C7A4-41BD-805B-62ACB0B60EB2}.Release|Any CPU.Build.0 = Release|Any CPU
	EndGlobalSection
	GlobalSection(SolutionProperties) = preSolution
		HideSolutionNode = FALSE
	EndGlobalSection
	GlobalSection(ExtensibilityGlobals) = postSolution
		SolutionGuid = {33DEC6E4-C92C-4CA8-B159-019D91B46F7D}
	EndGlobalSection
EndGlobal
